
Microsoft Visual Studio Solution File, Format Version 12.00
# Visual Studio 14
VisualStudioVersion = 14.0.25123.0
MinimumVisualStudioVersion = 10.0.40219.1
Project("{BDDDBC50-5616-4406-A867-947A555CCC1D}") = "Sitecore.Support.119608", "Sitecore.Support.119608\Sitecore.Support.119608.csproj", "{A261C468-7F58-48A4-AD71-2546E356EAB9}"
EndProject
Global
	GlobalSection(SolutionConfigurationPlatforms) = preSolution
		Debug|Any CPU = Debug|Any CPU
		Release|Any CPU = Release|Any CPU
	EndGlobalSection
	GlobalSection(ProjectConfigurationPlatforms) = postSolution
		{A261C468-7F58-48A4-AD71-2546E356EAB9}.Debug|Any CPU.ActiveCfg = Debug|Any CPU
		{A261C468-7F58-48A4-AD71-2546E356EAB9}.Debug|Any CPU.Build.0 = Debug|Any CPU
		{A261C468-7F58-48A4-AD71-2546E356EAB9}.Release|Any CPU.ActiveCfg = Release|Any CPU
		{A261C468-7F58-48A4-AD71-2546E356EAB9}.Release|Any CPU.Build.0 = Release|Any CPU
	EndGlobalSection
	GlobalSection(SolutionProperties) = preSolution
		HideSolutionNode = FALSE
	EndGlobalSection
EndGlobal
